
Microsoft Visual Studio Solution File, Format Version 12.00
# Visual Studio Version 17
VisualStudioVersion = 17.2.32630.192
MinimumVisualStudioVersion = 10.0.40219.1
Project("{9A19103F-16F7-4668-BE54-9A1E7A4F7556}") = "cs_con_HelloWorld", "cs_con_HelloWorld\cs_con_HelloWorld.csproj", "{D75C4D81-1010-4D30-B642-611D771511B6}"
EndProject
Project("{9A19103F-16F7-4668-BE54-9A1E7A4F7556}") = "cs_con_Console", "cs_con_Console\cs_con_Console.csproj", "{77BB27E4-B7EE-4A30-A0B6-DE20FC25DDDA}"
EndProject
Project("{9A19103F-16F7-4668-BE54-9A1E7A4F7556}") = "cs_con_DataTypes", "cs_con_DataTypes\cs_con_DataTypes.csproj", "{9317B98E-5BD3-443D-91E1-7F0912849DED}"
EndProject
Project("{2150E333-8FDC-42A3-9474-1A3956D46DE8}") = "Solution Items", "Solution Items", "{EFF98CA4-8813-408D-B20B-7ED1940DAA27}"
	ProjectSection(SolutionItems) = preProject
		Readme.txt = Readme.txt
	EndProjectSection
EndProject
Project("{9A19103F-16F7-4668-BE54-9A1E7A4F7556}") = "cs_con_MethodParameters", "cs_con_MethodParameters\cs_con_MethodParameters.csproj", "{A5FF2422-1A8A-4565-9F02-095EF6FA4887}"
EndProject
Project("{9A19103F-16F7-4668-BE54-9A1E7A4F7556}") = "cs_con_Arrays", "cs_con_Arrays\cs_con_Arrays.csproj", "{A9A3CEFE-5984-4C73-81FC-A17A2FA9E326}"
EndProject
Project("{FAE04EC0-301F-11D3-BF4B-00C04F79EFBC}") = "cs_con_BoxingUnboxing", "cs_con_BoxingUnboxing\cs_con_BoxingUnboxing.csproj", "{7F40B8B9-82D3-4204-BCB9-EBFF556D276F}"
EndProject
Project("{FAE04EC0-301F-11D3-BF4B-00C04F79EFBC}") = "cs_con_ArrayList", "cs_con_ArrayList\cs_con_ArrayList.csproj", "{61A2DBBC-7FE3-47EF-BFD3-FDA8AB7FE76E}"
EndProject
Global
	GlobalSection(SolutionConfigurationPlatforms) = preSolution
		Debug|Any CPU = Debug|Any CPU
		Release|Any CPU = Release|Any CPU
	EndGlobalSection
	GlobalSection(ProjectConfigurationPlatforms) = postSolution
		{D75C4D81-1010-4D30-B642-611D771511B6}.Debug|Any CPU.ActiveCfg = Debug|Any CPU
		{D75C4D81-1010-4D30-B642-611D771511B6}.Debug|Any CPU.Build.0 = Debug|Any CPU
		{D75C4D81-1010-4D30-B642-611D771511B6}.Release|Any CPU.ActiveCfg = Release|Any CPU
		{D75C4D81-1010-4D30-B642-611D771511B6}.Release|Any CPU.Build.0 = Release|Any CPU
		{77BB27E4-B7EE-4A30-A0B6-DE20FC25DDDA}.Debug|Any CPU.ActiveCfg = Debug|Any CPU
		{77BB27E4-B7EE-4A30-A0B6-DE20FC25DDDA}.Debug|Any CPU.Build.0 = Debug|Any CPU
		{77BB27E4-B7EE-4A30-A0B6-DE20FC25DDDA}.Release|Any CPU.ActiveCfg = Release|Any CPU
		{77BB27E4-B7EE-4A30-A0B6-DE20FC25DDDA}.Release|Any CPU.Build.0 = Release|Any CPU
		{9317B98E-5BD3-443D-91E1-7F0912849DED}.Debug|Any CPU.ActiveCfg = Debug|Any CPU
		{9317B98E-5BD3-443D-91E1-7F0912849DED}.Debug|Any CPU.Build.0 = Debug|Any CPU
		{9317B98E-5BD3-443D-91E1-7F0912849DED}.Release|Any CPU.ActiveCfg = Release|Any CPU
		{9317B98E-5BD3-443D-91E1-7F0912849DED}.Release|Any CPU.Build.0 = Release|Any CPU
		{A5FF2422-1A8A-4565-9F02-095EF6FA4887}.Debug|Any CPU.ActiveCfg = Debug|Any CPU
		{A5FF2422-1A8A-4565-9F02-095EF6FA4887}.Debug|Any CPU.Build.0 = Debug|Any CPU
		{A5FF2422-1A8A-4565-9F02-095EF6FA4887}.Release|Any CPU.ActiveCfg = Release|Any CPU
		{A5FF2422-1A8A-4565-9F02-095EF6FA4887}.Release|Any CPU.Build.0 = Release|Any CPU
		{A9A3CEFE-5984-4C73-81FC-A17A2FA9E326}.Debug|Any CPU.ActiveCfg = Debug|Any CPU
		{A9A3CEFE-5984-4C73-81FC-A17A2FA9E326}.Debug|Any CPU.Build.0 = Debug|Any CPU
		{A9A3CEFE-5984-4C73-81FC-A17A2FA9E326}.Release|Any CPU.ActiveCfg = Release|Any CPU
		{A9A3CEFE-5984-4C73-81FC-A17A2FA9E326}.Release|Any CPU.Build.0 = Release|Any CPU
		{7F40B8B9-82D3-4204-BCB9-EBFF556D276F}.Debug|Any CPU.ActiveCfg = Debug|Any CPU
		{7F40B8B9-82D3-4204-BCB9-EBFF556D276F}.Debug|Any CPU.Build.0 = Debug|Any CPU
		{7F40B8B9-82D3-4204-BCB9-EBFF556D276F}.Release|Any CPU.ActiveCfg = Release|Any CPU
		{7F40B8B9-82D3-4204-BCB9-EBFF556D276F}.Release|Any CPU.Build.0 = Release|Any CPU
		{61A2DBBC-7FE3-47EF-BFD3-FDA8AB7FE76E}.Debug|Any CPU.ActiveCfg = Debug|Any CPU
		{61A2DBBC-7FE3-47EF-BFD3-FDA8AB7FE76E}.Debug|Any CPU.Build.0 = Debug|Any CPU
		{61A2DBBC-7FE3-47EF-BFD3-FDA8AB7FE76E}.Release|Any CPU.ActiveCfg = Release|Any CPU
		{61A2DBBC-7FE3-47EF-BFD3-FDA8AB7FE76E}.Release|Any CPU.Build.0 = Release|Any CPU
	EndGlobalSection
	GlobalSection(SolutionProperties) = preSolution
		HideSolutionNode = FALSE
	EndGlobalSection
	GlobalSection(ExtensibilityGlobals) = postSolution
		SolutionGuid = {B22AD2E2-6D8F-4DF1-B4D0-6EE7A9334036}
	EndGlobalSection
EndGlobal
